
Microsoft Visual Studio Solution File, Format Version 12.00
# Visual Studio 15
VisualStudioVersion = 15.0.27703.2000
MinimumVisualStudioVersion = 10.0.40219.1
Project("{FAE04EC0-301F-11D3-BF4B-00C04F79EFBC}") = "OOPLab1", "OOPLab1\OOPLab1.csproj", "{46DD3771-E356-40DA-AE32-E18DE6D65AD0}"
EndProject
Project("{FAE04EC0-301F-11D3-BF4B-00C04F79EFBC}") = "OOPLab1_2", "OOPLab1_2\OOPLab1_2.csproj", "{C3E113F2-AA39-4B72-B984-71DC45C59A4A}"
EndProject
Project("{FAE04EC0-301F-11D3-BF4B-00C04F79EFBC}") = "OOPlab1_3", "OOPlab1_3\OOPlab1_3.csproj", "{01785ACD-33C4-4766-87DA-ECA7BD6DB96D}"
EndProject
Global
	GlobalSection(SolutionConfigurationPlatforms) = preSolution
		Debug|Any CPU = Debug|Any CPU
		Release|Any CPU = Release|Any CPU
	EndGlobalSection
	GlobalSection(ProjectConfigurationPlatforms) = postSolution
		{46DD3771-E356-40DA-AE32-E18DE6D65AD0}.Debug|Any CPU.ActiveCfg = Debug|Any CPU
		{46DD3771-E356-40DA-AE32-E18DE6D65AD0}.Debug|Any CPU.Build.0 = Debug|Any CPU
		{46DD3771-E356-40DA-AE32-E18DE6D65AD0}.Release|Any CPU.ActiveCfg = Release|Any CPU
		{46DD3771-E356-40DA-AE32-E18DE6D65AD0}.Release|Any CPU.Build.0 = Release|Any CPU
		{C3E113F2-AA39-4B72-B984-71DC45C59A4A}.Debug|Any CPU.ActiveCfg = Debug|Any CPU
		{C3E113F2-AA39-4B72-B984-71DC45C59A4A}.Debug|Any CPU.Build.0 = Debug|Any CPU
		{C3E113F2-AA39-4B72-B984-71DC45C59A4A}.Release|Any CPU.ActiveCfg = Release|Any CPU
		{C3E113F2-AA39-4B72-B984-71DC45C59A4A}.Release|Any CPU.Build.0 = Release|Any CPU
		{01785ACD-33C4-4766-87DA-ECA7BD6DB96D}.Debug|Any CPU.ActiveCfg = Debug|Any CPU
		{01785ACD-33C4-4766-87DA-ECA7BD6DB96D}.Debug|Any CPU.Build.0 = Debug|Any CPU
		{01785ACD-33C4-4766-87DA-ECA7BD6DB96D}.Release|Any CPU.ActiveCfg = Release|Any CPU
		{01785ACD-33C4-4766-87DA-ECA7BD6DB96D}.Release|Any CPU.Build.0 = Release|Any CPU
	EndGlobalSection
	GlobalSection(SolutionProperties) = preSolution
		HideSolutionNode = FALSE
	EndGlobalSection
	GlobalSection(ExtensibilityGlobals) = postSolution
		SolutionGuid = {77E35352-0D4E-4123-B5C8-576A28F036B9}
	EndGlobalSection
EndGlobal
